
Microsoft Visual Studio Solution File, Format Version 12.00
# Visual Studio 14
VisualStudioVersion = 14.0.23107.0
MinimumVisualStudioVersion = 10.0.40219.1
Project("{FAE04EC0-301F-11D3-BF4B-00C04F79EFBC}") = "SoundLibrary", "SoundLibrary\SoundLibrary.csproj", "{095D16B6-AF58-41C8-9AA2-ACBA24E7DDB3}"
EndProject
Project("{FAE04EC0-301F-11D3-BF4B-00C04F79EFBC}") = "SoundLibraryTests", "SoundLibraryTests1\SoundLibraryTests.csproj", "{FD20D2E1-AA2E-4246-B048-4FCF8A005B81}"
EndProject
Global
	GlobalSection(SolutionConfigurationPlatforms) = preSolution
		Debug|Any CPU = Debug|Any CPU
		Release|Any CPU = Release|Any CPU
	EndGlobalSection
	GlobalSection(ProjectConfigurationPlatforms) = postSolution
		{095D16B6-AF58-41C8-9AA2-ACBA24E7DDB3}.Debug|Any CPU.ActiveCfg = Debug|Any CPU
		{095D16B6-AF58-41C8-9AA2-ACBA24E7DDB3}.Debug|Any CPU.Build.0 = Debug|Any CPU
		{095D16B6-AF58-41C8-9AA2-ACBA24E7DDB3}.Release|Any CPU.ActiveCfg = Release|Any CPU
		{095D16B6-AF58-41C8-9AA2-ACBA24E7DDB3}.Release|Any CPU.Build.0 = Release|Any CPU
		{FD20D2E1-AA2E-4246-B048-4FCF8A005B81}.Debug|Any CPU.ActiveCfg = Debug|Any CPU
		{FD20D2E1-AA2E-4246-B048-4FCF8A005B81}.Debug|Any CPU.Build.0 = Debug|Any CPU
		{FD20D2E1-AA2E-4246-B048-4FCF8A005B81}.Release|Any CPU.ActiveCfg = Release|Any CPU
		{FD20D2E1-AA2E-4246-B048-4FCF8A005B81}.Release|Any CPU.Build.0 = Release|Any CPU
	EndGlobalSection
	GlobalSection(SolutionProperties) = preSolution
		HideSolutionNode = FALSE
	EndGlobalSection
EndGlobal
